
Microsoft Visual Studio Solution File, Format Version 12.00
# Visual Studio Version 17
VisualStudioVersion = 17.10.35004.147
MinimumVisualStudioVersion = 10.0.40219.1
Project("{9A19103F-16F7-4668-BE54-9A1E7A4F7556}") = "InventarioControl.Server", "InventarioControl.Server\InventarioControl.Server.csproj", "{7317570D-5B58-415D-87FF-D57947B0EE41}"
EndProject
Project("{54A90642-561A-4BB1-A94E-469ADEE60C69}") = "inventariocontrol.client", "inventariocontrol.client\inventariocontrol.client.esproj", "{A35C6336-A7FC-403F-B384-3EF21C2985C3}"
EndProject
Global
	GlobalSection(SolutionConfigurationPlatforms) = preSolution
		Debug|Any CPU = Debug|Any CPU
		Release|Any CPU = Release|Any CPU
	EndGlobalSection
	GlobalSection(ProjectConfigurationPlatforms) = postSolution
		{7317570D-5B58-415D-87FF-D57947B0EE41}.Debug|Any CPU.ActiveCfg = Debug|Any CPU
		{7317570D-5B58-415D-87FF-D57947B0EE41}.Debug|Any CPU.Build.0 = Debug|Any CPU
		{7317570D-5B58-415D-87FF-D57947B0EE41}.Release|Any CPU.ActiveCfg = Release|Any CPU
		{7317570D-5B58-415D-87FF-D57947B0EE41}.Release|Any CPU.Build.0 = Release|Any CPU
		{A35C6336-A7FC-403F-B384-3EF21C2985C3}.Debug|Any CPU.ActiveCfg = Debug|Any CPU
		{A35C6336-A7FC-403F-B384-3EF21C2985C3}.Debug|Any CPU.Build.0 = Debug|Any CPU
		{A35C6336-A7FC-403F-B384-3EF21C2985C3}.Debug|Any CPU.Deploy.0 = Debug|Any CPU
		{A35C6336-A7FC-403F-B384-3EF21C2985C3}.Release|Any CPU.ActiveCfg = Release|Any CPU
		{A35C6336-A7FC-403F-B384-3EF21C2985C3}.Release|Any CPU.Build.0 = Release|Any CPU
		{A35C6336-A7FC-403F-B384-3EF21C2985C3}.Release|Any CPU.Deploy.0 = Release|Any CPU
	EndGlobalSection
	GlobalSection(SolutionProperties) = preSolution
		HideSolutionNode = FALSE
	EndGlobalSection
	GlobalSection(ExtensibilityGlobals) = postSolution
		SolutionGuid = {A6C74B85-267F-456C-88D7-0B723D044391}
	EndGlobalSection
EndGlobal
